
Microsoft Visual Studio Solution File, Format Version 12.00
# Visual Studio Version 17
VisualStudioVersion = 17.0.32014.148
MinimumVisualStudioVersion = 10.0.40219.1
Project("{9A19103F-16F7-4668-BE54-9A1E7A4F7556}") = "WaveShare.EPD", "WaveShare.EPD\WaveShare.EPD.csproj", "{AEBB1B16-9964-452D-A603-84C9CA78DC39}"
EndProject
Project("{FAE04EC0-301F-11D3-BF4B-00C04F79EFBC}") = "EPD_2in9_Sample", "EPD_2in9_Sample\EPD_2in9_Sample.csproj", "{4F423DF6-116F-4EC9-A1F9-66F1289C1765}"
EndProject
Global
	GlobalSection(SolutionConfigurationPlatforms) = preSolution
		Debug|Any CPU = Debug|Any CPU
		Release|Any CPU = Release|Any CPU
	EndGlobalSection
	GlobalSection(ProjectConfigurationPlatforms) = postSolution
		{AEBB1B16-9964-452D-A603-84C9CA78DC39}.Debug|Any CPU.ActiveCfg = Debug|Any CPU
		{AEBB1B16-9964-452D-A603-84C9CA78DC39}.Debug|Any CPU.Build.0 = Debug|Any CPU
		{AEBB1B16-9964-452D-A603-84C9CA78DC39}.Release|Any CPU.ActiveCfg = Release|Any CPU
		{AEBB1B16-9964-452D-A603-84C9CA78DC39}.Release|Any CPU.Build.0 = Release|Any CPU
		{4F423DF6-116F-4EC9-A1F9-66F1289C1765}.Debug|Any CPU.ActiveCfg = Debug|Any CPU
		{4F423DF6-116F-4EC9-A1F9-66F1289C1765}.Debug|Any CPU.Build.0 = Debug|Any CPU
		{4F423DF6-116F-4EC9-A1F9-66F1289C1765}.Release|Any CPU.ActiveCfg = Release|Any CPU
		{4F423DF6-116F-4EC9-A1F9-66F1289C1765}.Release|Any CPU.Build.0 = Release|Any CPU
	EndGlobalSection
	GlobalSection(SolutionProperties) = preSolution
		HideSolutionNode = FALSE
	EndGlobalSection
	GlobalSection(ExtensibilityGlobals) = postSolution
		SolutionGuid = {763E44E5-A47F-43FE-805D-CE7D91ECFD23}
	EndGlobalSection
EndGlobal
